// !$*UTF8*$!
{
	archiveVersion = 1;
	classes = {
	};
	objectVersion = 56;
	objects = {

/* Begin PBXBuildFile section */
		35C311DC2C0486B300649CE8 /* AppDelegate.swift in Sources */ = {isa = PBXBuildFile; fileRef = 35C311DB2C0486B300649CE8 /* AppDelegate.swift */; };
		35C311DE2C0486B300649CE8 /* SceneDelegate.swift in Sources */ = {isa = PBXBuildFile; fileRef = 35C311DD2C0486B300649CE8 /* SceneDelegate.swift */; };
		35C311E02C0486B300649CE8 /* ViewController.swift in Sources */ = {isa = PBXBuildFile; fileRef = 35C311DF2C0486B300649CE8 /* ViewController.swift */; };
		35C311E32C0486B300649CE8 /* Base in Resources */ = {isa = PBXBuildFile; fileRef = 35C311E22C0486B300649CE8 /* Base */; };
		35C311E52C0486B400649CE8 /* Assets.xcassets in Resources */ = {isa = PBXBuildFile; fileRef = 35C311E42C0486B400649CE8 /* Assets.xcassets */; };
		35C311E82C0486B400649CE8 /* Base in Resources */ = {isa = PBXBuildFile; fileRef = 35C311E72C0486B400649CE8 /* Base */; };
		35C311F32C049A3000649CE8 /* City.storyboard in Resources */ = {isa = PBXBuildFile; fileRef = 35C311F22C049A3000649CE8 /* City.storyboard */; };
		35C311F72C049A4D00649CE8 /* TravelMain.storyboard in Resources */ = {isa = PBXBuildFile; fileRef = 35C311F62C049A4D00649CE8 /* TravelMain.storyboard */; };
		35C311F92C049A5B00649CE8 /* CityViewController.swift in Sources */ = {isa = PBXBuildFile; fileRef = 35C311F82C049A5B00649CE8 /* CityViewController.swift */; };
		35C311FD2C049A7200649CE8 /* TravelMainViewController.swift in Sources */ = {isa = PBXBuildFile; fileRef = 35C311FC2C049A7200649CE8 /* TravelMainViewController.swift */; };
		35C312002C04A25E00649CE8 /* FavoriteViewController.swift in Sources */ = {isa = PBXBuildFile; fileRef = 35C311FF2C04A25E00649CE8 /* FavoriteViewController.swift */; };
		35C312022C04A26900649CE8 /* Favorite.storyboard in Resources */ = {isa = PBXBuildFile; fileRef = 35C312012C04A26900649CE8 /* Favorite.storyboard */; };
		35C312052C04A30200649CE8 /* Profile.storyboard in Resources */ = {isa = PBXBuildFile; fileRef = 35C312042C04A30200649CE8 /* Profile.storyboard */; };
		35C312072C04A31000649CE8 /* ProfileViewController.swift in Sources */ = {isa = PBXBuildFile; fileRef = 35C312062C04A31000649CE8 /* ProfileViewController.swift */; };
		35D805C02C04AA0E000D5F39 /* Restaurant.storyboard in Resources */ = {isa = PBXBuildFile; fileRef = 35D805BF2C04AA0E000D5F39 /* Restaurant.storyboard */; };
		35D805C22C04AA1B000D5F39 /* RestaurantViewController.swift in Sources */ = {isa = PBXBuildFile; fileRef = 35D805C12C04AA1B000D5F39 /* RestaurantViewController.swift */; };
		35D805C42C04AD94000D5F39 /* UIViewController + Extension.swift in Sources */ = {isa = PBXBuildFile; fileRef = 35D805C32C04AD94000D5F39 /* UIViewController + Extension.swift */; };
		35D805C72C04ADF6000D5F39 /* UIColor + Extension .swift in Sources */ = {isa = PBXBuildFile; fileRef = 35D805C62C04ADF6000D5F39 /* UIColor + Extension .swift */; };
		35D805CA2C04B1C3000D5F39 /* BigImageCell.xib in Resources */ = {isa = PBXBuildFile; fileRef = 35D805C92C04B1C3000D5F39 /* BigImageCell.xib */; };
		35D805CB2C04B1C3000D5F39 /* BigImageCell.swift in Sources */ = {isa = PBXBuildFile; fileRef = 35D805C82C04B1C3000D5F39 /* BigImageCell.swift */; };
		35D805CF2C04B20B000D5F39 /* SmallImageCell.xib in Resources */ = {isa = PBXBuildFile; fileRef = 35D805CE2C04B20B000D5F39 /* SmallImageCell.xib */; };
		35D805D02C04B20B000D5F39 /* SmallImageCell.swift in Sources */ = {isa = PBXBuildFile; fileRef = 35D805CD2C04B20B000D5F39 /* SmallImageCell.swift */; };
		35D805D32C04B223000D5F39 /* AdTitleCell.xib in Resources */ = {isa = PBXBuildFile; fileRef = 35D805D22C04B223000D5F39 /* AdTitleCell.xib */; };
		35D805D42C04B223000D5F39 /* AdTitleCell.swift in Sources */ = {isa = PBXBuildFile; fileRef = 35D805D12C04B223000D5F39 /* AdTitleCell.swift */; };
		35D805D82C04B56B000D5F39 /* TravelModel.swift in Sources */ = {isa = PBXBuildFile; fileRef = 35D805D52C04B56B000D5F39 /* TravelModel.swift */; };
		35D805D92C04B56B000D5F39 /* Restaurant.swift in Sources */ = {isa = PBXBuildFile; fileRef = 35D805D62C04B56B000D5F39 /* Restaurant.swift */; };
		35D805DA2C04B56B000D5F39 /* MagazineInfo.swift in Sources */ = {isa = PBXBuildFile; fileRef = 35D805D72C04B56B000D5F39 /* MagazineInfo.swift */; };
		35D805DD2C04BED6000D5F39 /* Kingfisher in Frameworks */ = {isa = PBXBuildFile; productRef = 35D805DC2C04BED6000D5F39 /* Kingfisher */; };
/* End PBXBuildFile section */

/* Begin PBXFileReference section */
		35C311D82C0486B300649CE8 /* NewTravelMagazineProject.app */ = {isa = PBXFileReference; explicitFileType = wrapper.application; includeInIndex = 0; path = NewTravelMagazineProject.app; sourceTree = BUILT_PRODUCTS_DIR; };
		35C311DB2C0486B300649CE8 /* AppDelegate.swift */ = {isa = PBXFileReference; lastKnownFileType = sourcecode.swift; path = AppDelegate.swift; sourceTree = "<group>"; };
		35C311DD2C0486B300649CE8 /* SceneDelegate.swift */ = {isa = PBXFileReference; lastKnownFileType = sourcecode.swift; path = SceneDelegate.swift; sourceTree = "<group>"; };
		35C311DF2C0486B300649CE8 /* ViewController.swift */ = {isa = PBXFileReference; lastKnownFileType = sourcecode.swift; path = ViewController.swift; sourceTree = "<group>"; };
		35C311E22C0486B300649CE8 /* Base */ = {isa = PBXFileReference; lastKnownFileType = file.storyboard; name = Base; path = Base.lproj/Main.storyboard; sourceTree = "<group>"; };
		35C311E42C0486B400649CE8 /* Assets.xcassets */ = {isa = PBXFileReference; lastKnownFileType = folder.assetcatalog; path = Assets.xcassets; sourceTree = "<group>"; };
		35C311E72C0486B400649CE8 /* Base */ = {isa = PBXFileReference; lastKnownFileType = file.storyboard; name = Base; path = Base.lproj/LaunchScreen.storyboard; sourceTree = "<group>"; };
		35C311E92C0486B400649CE8 /* Info.plist */ = {isa = PBXFileReference; lastKnownFileType = text.plist.xml; path = Info.plist; sourceTree = "<group>"; };
		35C311F22C049A3000649CE8 /* City.storyboard */ = {isa = PBXFileReference; lastKnownFileType = file.storyboard; path = City.storyboard; sourceTree = "<group>"; };
		35C311F62C049A4D00649CE8 /* TravelMain.storyboard */ = {isa = PBXFileReference; lastKnownFileType = file.storyboard; path = TravelMain.storyboard; sourceTree = "<group>"; };
		35C311F82C049A5B00649CE8 /* CityViewController.swift */ = {isa = PBXFileReference; lastKnownFileType = sourcecode.swift; path = CityViewController.swift; sourceTree = "<group>"; };
		35C311FC2C049A7200649CE8 /* TravelMainViewController.swift */ = {isa = PBXFileReference; lastKnownFileType = sourcecode.swift; path = TravelMainViewController.swift; sourceTree = "<group>"; };
		35C311FF2C04A25E00649CE8 /* FavoriteViewController.swift */ = {isa = PBXFileReference; lastKnownFileType = sourcecode.swift; path = FavoriteViewController.swift; sourceTree = "<group>"; };
		35C312012C04A26900649CE8 /* Favorite.storyboard */ = {isa = PBXFileReference; lastKnownFileType = file.storyboard; path = Favorite.storyboard; sourceTree = "<group>"; };
		35C312042C04A30200649CE8 /* Profile.storyboard */ = {isa = PBXFileReference; lastKnownFileType = file.storyboard; path = Profile.storyboard; sourceTree = "<group>"; };
		35C312062C04A31000649CE8 /* ProfileViewController.swift */ = {isa = PBXFileReference; lastKnownFileType = sourcecode.swift; path = ProfileViewController.swift; sourceTree = "<group>"; };
		35D805BF2C04AA0E000D5F39 /* Restaurant.storyboard */ = {isa = PBXFileReference; lastKnownFileType = file.storyboard; path = Restaurant.storyboard; sourceTree = "<group>"; };
		35D805C12C04AA1B000D5F39 /* RestaurantViewController.swift */ = {isa = PBXFileReference; lastKnownFileType = sourcecode.swift; path = RestaurantViewController.swift; sourceTree = "<group>"; };
		35D805C32C04AD94000D5F39 /* UIViewController + Extension.swift */ = {isa = PBXFileReference; lastKnownFileType = sourcecode.swift; path = "UIViewController + Extension.swift"; sourceTree = "<group>"; };
		35D805C62C04ADF6000D5F39 /* UIColor + Extension .swift */ = {isa = PBXFileReference; lastKnownFileType = sourcecode.swift; path = "UIColor + Extension .swift"; sourceTree = "<group>"; };
		35D805C82C04B1C3000D5F39 /* BigImageCell.swift */ = {isa = PBXFileReference; lastKnownFileType = sourcecode.swift; path = BigImageCell.swift; sourceTree = "<group>"; };
		35D805C92C04B1C3000D5F39 /* BigImageCell.xib */ = {isa = PBXFileReference; lastKnownFileType = file.xib; path = BigImageCell.xib; sourceTree = "<group>"; };
		35D805CD2C04B20B000D5F39 /* SmallImageCell.swift */ = {isa = PBXFileReference; lastKnownFileType = sourcecode.swift; path = SmallImageCell.swift; sourceTree = "<group>"; };
		35D805CE2C04B20B000D5F39 /* SmallImageCell.xib */ = {isa = PBXFileReference; lastKnownFileType = file.xib; path = SmallImageCell.xib; sourceTree = "<group>"; };
		35D805D12C04B223000D5F39 /* AdTitleCell.swift */ = {isa = PBXFileReference; lastKnownFileType = sourcecode.swift; path = AdTitleCell.swift; sourceTree = "<group>"; };
		35D805D22C04B223000D5F39 /* AdTitleCell.xib */ = {isa = PBXFileReference; lastKnownFileType = file.xib; path = AdTitleCell.xib; sourceTree = "<group>"; };
		35D805D52C04B56B000D5F39 /* TravelModel.swift */ = {isa = PBXFileReference; fileEncoding = 4; lastKnownFileType = sourcecode.swift; path = TravelModel.swift; sourceTree = "<group>"; };
		35D805D62C04B56B000D5F39 /* Restaurant.swift */ = {isa = PBXFileReference; fileEncoding = 4; lastKnownFileType = sourcecode.swift; path = Restaurant.swift; sourceTree = "<group>"; };
		35D805D72C04B56B000D5F39 /* MagazineInfo.swift */ = {isa = PBXFileReference; fileEncoding = 4; lastKnownFileType = sourcecode.swift; path = MagazineInfo.swift; sourceTree = "<group>"; };
/* End PBXFileReference section */

/* Begin PBXFrameworksBuildPhase section */
		35C311D52C0486B300649CE8 /* Frameworks */ = {
			isa = PBXFrameworksBuildPhase;
			buildActionMask = 2147483647;
			files = (
				35D805DD2C04BED6000D5F39 /* Kingfisher in Frameworks */,
			);
			runOnlyForDeploymentPostprocessing = 0;
		};
/* End PBXFrameworksBuildPhase section */

/* Begin PBXGroup section */
		350662DD2C05FA5F0043B2FC /* Dummy */ = {
			isa = PBXGroup;
			children = (
				35D805D72C04B56B000D5F39 /* MagazineInfo.swift */,
				35D805D62C04B56B000D5F39 /* Restaurant.swift */,
				35D805D52C04B56B000D5F39 /* TravelModel.swift */,
			);
			path = Dummy;
			sourceTree = "<group>";
		};
		35C311CF2C0486B300649CE8 = {
			isa = PBXGroup;
			children = (
				35C311DA2C0486B300649CE8 /* NewTravelMagazineProject */,
				35C311D92C0486B300649CE8 /* Products */,
			);
			sourceTree = "<group>";
		};
		35C311D92C0486B300649CE8 /* Products */ = {
			isa = PBXGroup;
			children = (
				35C311D82C0486B300649CE8 /* NewTravelMagazineProject.app */,
			);
			name = Products;
			sourceTree = "<group>";
		};
		35C311DA2C0486B300649CE8 /* NewTravelMagazineProject */ = {
			isa = PBXGroup;
			children = (
				350662DD2C05FA5F0043B2FC /* Dummy */,
				35C311EF2C04871200649CE8 /* TravelMain */,
				35D805BE2C04A9EB000D5F39 /* Restaurant */,
				35C311F12C04873500649CE8 /* City */,
				35C311FE2C04A24F00649CE8 /* Favorite */,
				35C312032C04A2F300649CE8 /* Profile */,
				35D805C52C04AD9E000D5F39 /* Extension */,
				35D805CC2C04B1D4000D5F39 /* XIB Cell */,
				35C311DB2C0486B300649CE8 /* AppDelegate.swift */,
				35C311DD2C0486B300649CE8 /* SceneDelegate.swift */,
				35C311DF2C0486B300649CE8 /* ViewController.swift */,
				35C311E12C0486B300649CE8 /* Main.storyboard */,
				35C311E42C0486B400649CE8 /* Assets.xcassets */,
				35C311E62C0486B400649CE8 /* LaunchScreen.storyboard */,
				35C311E92C0486B400649CE8 /* Info.plist */,
			);
			path = NewTravelMagazineProject;
			sourceTree = "<group>";
		};
		35C311EF2C04871200649CE8 /* TravelMain */ = {
			isa = PBXGroup;
			children = (
				35C311F62C049A4D00649CE8 /* TravelMain.storyboard */,
				35C311FC2C049A7200649CE8 /* TravelMainViewController.swift */,
			);
			path = TravelMain;
			sourceTree = "<group>";
		};
		35C311F12C04873500649CE8 /* City */ = {
			isa = PBXGroup;
			children = (
				35C311F22C049A3000649CE8 /* City.storyboard */,
				35C311F82C049A5B00649CE8 /* CityViewController.swift */,
			);
			path = City;
			sourceTree = "<group>";
		};
		35C311FE2C04A24F00649CE8 /* Favorite */ = {
			isa = PBXGroup;
			children = (
				35C312012C04A26900649CE8 /* Favorite.storyboard */,
				35C311FF2C04A25E00649CE8 /* FavoriteViewController.swift */,
			);
			path = Favorite;
			sourceTree = "<group>";
		};
		35C312032C04A2F300649CE8 /* Profile */ = {
			isa = PBXGroup;
			children = (
				35C312042C04A30200649CE8 /* Profile.storyboard */,
				35C312062C04A31000649CE8 /* ProfileViewController.swift */,
			);
			path = Profile;
			sourceTree = "<group>";
		};
		35D805BE2C04A9EB000D5F39 /* Restaurant */ = {
			isa = PBXGroup;
			children = (
				35D805BF2C04AA0E000D5F39 /* Restaurant.storyboard */,
				35D805C12C04AA1B000D5F39 /* RestaurantViewController.swift */,
			);
			path = Restaurant;
			sourceTree = "<group>";
		};
		35D805C52C04AD9E000D5F39 /* Extension */ = {
			isa = PBXGroup;
			children = (
				35D805C32C04AD94000D5F39 /* UIViewController + Extension.swift */,
				35D805C62C04ADF6000D5F39 /* UIColor + Extension .swift */,
			);
			path = Extension;
			sourceTree = "<group>";
		};
		35D805CC2C04B1D4000D5F39 /* XIB Cell */ = {
			isa = PBXGroup;
			children = (
				35D805C92C04B1C3000D5F39 /* BigImageCell.xib */,
				35D805C82C04B1C3000D5F39 /* BigImageCell.swift */,
				35D805CE2C04B20B000D5F39 /* SmallImageCell.xib */,
				35D805CD2C04B20B000D5F39 /* SmallImageCell.swift */,
				35D805D22C04B223000D5F39 /* AdTitleCell.xib */,
				35D805D12C04B223000D5F39 /* AdTitleCell.swift */,
			);
			path = "XIB Cell";
			sourceTree = "<group>";
		};
/* End PBXGroup section */

/* Begin PBXNativeTarget section */
		35C311D72C0486B300649CE8 /* NewTravelMagazineProject */ = {
			isa = PBXNativeTarget;
			buildConfigurationList = 35C311EC2C0486B400649CE8 /* Build configuration list for PBXNativeTarget "NewTravelMagazineProject" */;
			buildPhases = (
				35C311D42C0486B300649CE8 /* Sources */,
				35C311D52C0486B300649CE8 /* Frameworks */,
				35C311D62C0486B300649CE8 /* Resources */,
			);
			buildRules = (
			);
			dependencies = (
			);
			name = NewTravelMagazineProject;
			packageProductDependencies = (
				35D805DC2C04BED6000D5F39 /* Kingfisher */,
			);
			productName = NewTravelMagazineProject;
			productReference = 35C311D82C0486B300649CE8 /* NewTravelMagazineProject.app */;
			productType = "com.apple.product-type.application";
		};
/* End PBXNativeTarget section */

/* Begin PBXProject section */
		35C311D02C0486B300649CE8 /* Project object */ = {
			isa = PBXProject;
			attributes = {
				BuildIndependentTargetsInParallel = 1;
				LastSwiftUpdateCheck = 1530;
				LastUpgradeCheck = 1530;
				TargetAttributes = {
					35C311D72C0486B300649CE8 = {
						CreatedOnToolsVersion = 15.3;
					};
				};
			};
			buildConfigurationList = 35C311D32C0486B300649CE8 /* Build configuration list for PBXProject "NewTravelMagazineProject" */;
			compatibilityVersion = "Xcode 14.0";
			developmentRegion = en;
			hasScannedForEncodings = 0;
			knownRegions = (
				en,
				Base,
			);
			mainGroup = 35C311CF2C0486B300649CE8;
			packageReferences = (
				35D805DB2C04BED6000D5F39 /* XCRemoteSwiftPackageReference "Kingfisher" */,
			);
			productRefGroup = 35C311D92C0486B300649CE8 /* Products */;
			projectDirPath = "";
			projectRoot = "";
			targets = (
				35C311D72C0486B300649CE8 /* NewTravelMagazineProject */,
			);
		};
/* End PBXProject section */

/* Begin PBXResourcesBuildPhase section */
		35C311D62C0486B300649CE8 /* Resources */ = {
			isa = PBXResourcesBuildPhase;
			buildActionMask = 2147483647;
			files = (
				35C311E52C0486B400649CE8 /* Assets.xcassets in Resources */,
				35C311E82C0486B400649CE8 /* Base in Resources */,
				35C312052C04A30200649CE8 /* Profile.storyboard in Resources */,
				35C312022C04A26900649CE8 /* Favorite.storyboard in Resources */,
				35C311E32C0486B300649CE8 /* Base in Resources */,
				35D805CA2C04B1C3000D5F39 /* BigImageCell.xib in Resources */,
				35D805D32C04B223000D5F39 /* AdTitleCell.xib in Resources */,
				35D805C02C04AA0E000D5F39 /* Restaurant.storyboard in Resources */,
				35C311F72C049A4D00649CE8 /* TravelMain.storyboard in Resources */,
				35C311F32C049A3000649CE8 /* City.storyboard in Resources */,
				35D805CF2C04B20B000D5F39 /* SmallImageCell.xib in Resources */,
			);
			runOnlyForDeploymentPostprocessing = 0;
		};
/* End PBXResourcesBuildPhase section */

/* Begin PBXSourcesBuildPhase section */
		35C311D42C0486B300649CE8 /* Sources */ = {
			isa = PBXSourcesBuildPhase;
			buildActionMask = 2147483647;
			files = (
				35C311E02C0486B300649CE8 /* ViewController.swift in Sources */,
				35D805C42C04AD94000D5F39 /* UIViewController + Extension.swift in Sources */,
				35D805C22C04AA1B000D5F39 /* RestaurantViewController.swift in Sources */,
				35D805D42C04B223000D5F39 /* AdTitleCell.swift in Sources */,
				35D805D02C04B20B000D5F39 /* SmallImageCell.swift in Sources */,
				35D805DA2C04B56B000D5F39 /* MagazineInfo.swift in Sources */,
				35D805D92C04B56B000D5F39 /* Restaurant.swift in Sources */,
				35C311DC2C0486B300649CE8 /* AppDelegate.swift in Sources */,
				35C312002C04A25E00649CE8 /* FavoriteViewController.swift in Sources */,
				35D805D82C04B56B000D5F39 /* TravelModel.swift in Sources */,
				35C311FD2C049A7200649CE8 /* TravelMainViewController.swift in Sources */,
				35C311DE2C0486B300649CE8 /* SceneDelegate.swift in Sources */,
				35D805C72C04ADF6000D5F39 /* UIColor + Extension .swift in Sources */,
				35C312072C04A31000649CE8 /* ProfileViewController.swift in Sources */,
				35C311F92C049A5B00649CE8 /* CityViewController.swift in Sources */,
				35D805CB2C04B1C3000D5F39 /* BigImageCell.swift in Sources */,
			);
			runOnlyForDeploymentPostprocessing = 0;
		};
/* End PBXSourcesBuildPhase section */

/* Begin PBXVariantGroup section */
		35C311E12C0486B300649CE8 /* Main.storyboard */ = {
			isa = PBXVariantGroup;
			children = (
				35C311E22C0486B300649CE8 /* Base */,
			);
			name = Main.storyboard;
			sourceTree = "<group>";
		};
		35C311E62C0486B400649CE8 /* LaunchScreen.storyboard */ = {
			isa = PBXVariantGroup;
			children = (
				35C311E72C0486B400649CE8 /* Base */,
			);
			name = LaunchScreen.storyboard;
			sourceTree = "<group>";
		};
/* End PBXVariantGroup section */

/* Begin XCBuildConfiguration section */
		35C311EA2C0486B400649CE8 /* Debug */ = {
			isa = XCBuildConfiguration;
			buildSettings = {
				ALWAYS_SEARCH_USER_PATHS = NO;
				ASSETCATALOG_COMPILER_GENERATE_SWIFT_ASSET_SYMBOL_EXTENSIONS = YES;
				CLANG_ANALYZER_NONNULL = YES;
				CLANG_ANALYZER_NUMBER_OBJECT_CONVERSION = YES_AGGRESSIVE;
				CLANG_CXX_LANGUAGE_STANDARD = "gnu++20";
				CLANG_ENABLE_MODULES = YES;
				CLANG_ENABLE_OBJC_ARC = YES;
				CLANG_ENABLE_OBJC_WEAK = YES;
				CLANG_WARN_BLOCK_CAPTURE_AUTORELEASING = YES;
				CLANG_WARN_BOOL_CONVERSION = YES;
				CLANG_WARN_COMMA = YES;
				CLANG_WARN_CONSTANT_CONVERSION = YES;
				CLANG_WARN_DEPRECATED_OBJC_IMPLEMENTATIONS = YES;
				CLANG_WARN_DIRECT_OBJC_ISA_USAGE = YES_ERROR;
				CLANG_WARN_DOCUMENTATION_COMMENTS = YES;
				CLANG_WARN_EMPTY_BODY = YES;
				CLANG_WARN_ENUM_CONVERSION = YES;
				CLANG_WARN_INFINITE_RECURSION = YES;
				CLANG_WARN_INT_CONVERSION = YES;
				CLANG_WARN_NON_LITERAL_NULL_CONVERSION = YES;
				CLANG_WARN_OBJC_IMPLICIT_RETAIN_SELF = YES;
				CLANG_WARN_OBJC_LITERAL_CONVERSION = YES;
				CLANG_WARN_OBJC_ROOT_CLASS = YES_ERROR;
				CLANG_WARN_QUOTED_INCLUDE_IN_FRAMEWORK_HEADER = YES;
				CLANG_WARN_RANGE_LOOP_ANALYSIS = YES;
				CLANG_WARN_STRICT_PROTOTYPES = YES;
				CLANG_WARN_SUSPICIOUS_MOVE = YES;
				CLANG_WARN_UNGUARDED_AVAILABILITY = YES_AGGRESSIVE;
				CLANG_WARN_UNREACHABLE_CODE = YES;
				CLANG_WARN__DUPLICATE_METHOD_MATCH = YES;
				COPY_PHASE_STRIP = NO;
				DEBUG_INFORMATION_FORMAT = dwarf;
				ENABLE_STRICT_OBJC_MSGSEND = YES;
				ENABLE_TESTABILITY = YES;
				ENABLE_USER_SCRIPT_SANDBOXING = YES;
				GCC_C_LANGUAGE_STANDARD = gnu17;
				GCC_DYNAMIC_NO_PIC = NO;
				GCC_NO_COMMON_BLOCKS = YES;
				GCC_OPTIMIZATION_LEVEL = 0;
				GCC_PREPROCESSOR_DEFINITIONS = (
					"DEBUG=1",
					"$(inherited)",
				);
				GCC_WARN_64_TO_32_BIT_CONVERSION = YES;
				GCC_WARN_ABOUT_RETURN_TYPE = YES_ERROR;
				GCC_WARN_UNDECLARED_SELECTOR = YES;
				GCC_WARN_UNINITIALIZED_AUTOS = YES_AGGRESSIVE;
				GCC_WARN_UNUSED_FUNCTION = YES;
				GCC_WARN_UNUSED_VARIABLE = YES;
				IPHONEOS_DEPLOYMENT_TARGET = 17.4;
				LOCALIZATION_PREFERS_STRING_CATALOGS = YES;
				MTL_ENABLE_DEBUG_INFO = INCLUDE_SOURCE;
				MTL_FAST_MATH = YES;
				ONLY_ACTIVE_ARCH = YES;
				SDKROOT = iphoneos;
				SWIFT_ACTIVE_COMPILATION_CONDITIONS = "DEBUG $(inherited)";
				SWIFT_OPTIMIZATION_LEVEL = "-Onone";
			};
			name = Debug;
		};
		35C311EB2C0486B400649CE8 /* Release */ = {
			isa = XCBuildConfiguration;
			buildSettings = {
				ALWAYS_SEARCH_USER_PATHS = NO;
				ASSETCATALOG_COMPILER_GENERATE_SWIFT_ASSET_SYMBOL_EXTENSIONS = YES;
				CLANG_ANALYZER_NONNULL = YES;
				CLANG_ANALYZER_NUMBER_OBJECT_CONVERSION = YES_AGGRESSIVE;
				CLANG_CXX_LANGUAGE_STANDARD = "gnu++20";
				CLANG_ENABLE_MODULES = YES;
				CLANG_ENABLE_OBJC_ARC = YES;
				CLANG_ENABLE_OBJC_WEAK = YES;
				CLANG_WARN_BLOCK_CAPTURE_AUTORELEASING = YES;
				CLANG_WARN_BOOL_CONVERSION = YES;
				CLANG_WARN_COMMA = YES;
				CLANG_WARN_CONSTANT_CONVERSION = YES;
				CLANG_WARN_DEPRECATED_OBJC_IMPLEMENTATIONS = YES;
				CLANG_WARN_DIRECT_OBJC_ISA_USAGE = YES_ERROR;
				CLANG_WARN_DOCUMENTATION_COMMENTS = YES;
				CLANG_WARN_EMPTY_BODY = YES;
				CLANG_WARN_ENUM_CONVERSION = YES;
				CLANG_WARN_INFINITE_RECURSION = YES;
				CLANG_WARN_INT_CONVERSION = YES;
				CLANG_WARN_NON_LITERAL_NULL_CONVERSION = YES;
				CLANG_WARN_OBJC_IMPLICIT_RETAIN_SELF = YES;
				CLANG_WARN_OBJC_LITERAL_CONVERSION = YES;
				CLANG_WARN_OBJC_ROOT_CLASS = YES_ERROR;
				CLANG_WARN_QUOTED_INCLUDE_IN_FRAMEWORK_HEADER = YES;
				CLANG_WARN_RANGE_LOOP_ANALYSIS = YES;
				CLANG_WARN_STRICT_PROTOTYPES = YES;
				CLANG_WARN_SUSPICIOUS_MOVE = YES;
				CLANG_WARN_UNGUARDED_AVAILABILITY = YES_AGGRESSIVE;
				CLANG_WARN_UNREACHABLE_CODE = YES;
				CLANG_WARN__DUPLICATE_METHOD_MATCH = YES;
				COPY_PHASE_STRIP = NO;
				DEBUG_INFORMATION_FORMAT = "dwarf-with-dsym";
				ENABLE_NS_ASSERTIONS = NO;
				ENABLE_STRICT_OBJC_MSGSEND = YES;
				ENABLE_USER_SCRIPT_SANDBOXING = YES;
				GCC_C_LANGUAGE_STANDARD = gnu17;
				GCC_NO_COMMON_BLOCKS = YES;
				GCC_WARN_64_TO_32_BIT_CONVERSION = YES;
				GCC_WARN_ABOUT_RETURN_TYPE = YES_ERROR;
				GCC_WARN_UNDECLARED_SELECTOR = YES;
				GCC_WARN_UNINITIALIZED_AUTOS = YES_AGGRESSIVE;
				GCC_WARN_UNUSED_FUNCTION = YES;
				GCC_WARN_UNUSED_VARIABLE = YES;
				IPHONEOS_DEPLOYMENT_TARGET = 17.4;
				LOCALIZATION_PREFERS_STRING_CATALOGS = YES;
				MTL_ENABLE_DEBUG_INFO = NO;
				MTL_FAST_MATH = YES;
				SDKROOT = iphoneos;
				SWIFT_COMPILATION_MODE = wholemodule;
				VALIDATE_PRODUCT = YES;
			};
			name = Release;
		};
		35C311ED2C0486B400649CE8 /* Debug */ = {
			isa = XCBuildConfiguration;
			buildSettings = {
				ASSETCATALOG_COMPILER_APPICON_NAME = AppIcon;
				ASSETCATALOG_COMPILER_GLOBAL_ACCENT_COLOR_NAME = AccentColor;
				CODE_SIGN_STYLE = Automatic;
				CURRENT_PROJECT_VERSION = 1;
				GENERATE_INFOPLIST_FILE = YES;
				INFOPLIST_FILE = NewTravelMagazineProject/Info.plist;
				INFOPLIST_KEY_UIApplicationSupportsIndirectInputEvents = YES;
				INFOPLIST_KEY_UILaunchStoryboardName = LaunchScreen;
				INFOPLIST_KEY_UIMainStoryboardFile = Main;
				INFOPLIST_KEY_UISupportedInterfaceOrientations = UIInterfaceOrientationPortrait;
				INFOPLIST_KEY_UISupportedInterfaceOrientations_iPad = "UIInterfaceOrientationLandscapeLeft UIInterfaceOrientationLandscapeRight UIInterfaceOrientationPortrait UIInterfaceOrientationPortraitUpsideDown";
				IPHONEOS_DEPLOYMENT_TARGET = 15.0;
				LD_RUNPATH_SEARCH_PATHS = (
					"$(inherited)",
					"@executable_path/Frameworks",
				);
				MARKETING_VERSION = 1.0;
				PRODUCT_BUNDLE_IDENTIFIER = joy.NewTravelMagazineProject;
				PRODUCT_NAME = "$(TARGET_NAME)";
				SUPPORTED_PLATFORMS = "iphoneos iphonesimulator";
				SUPPORTS_MACCATALYST = NO;
				SUPPORTS_MAC_DESIGNED_FOR_IPHONE_IPAD = NO;
				SUPPORTS_XR_DESIGNED_FOR_IPHONE_IPAD = NO;
				SWIFT_EMIT_LOC_STRINGS = YES;
				SWIFT_VERSION = 5.0;
				TARGETED_DEVICE_FAMILY = 1;
			};
			name = Debug;
		};
		35C311EE2C0486B400649CE8 /* Release */ = {
			isa = XCBuildConfiguration;
			buildSettings = {
				ASSETCATALOG_COMPILER_APPICON_NAME = AppIcon;
				ASSETCATALOG_COMPILER_GLOBAL_ACCENT_COLOR_NAME = AccentColor;
				CODE_SIGN_STYLE = Automatic;
				CURRENT_PROJECT_VERSION = 1;
				GENERATE_INFOPLIST_FILE = YES;
				INFOPLIST_FILE = NewTravelMagazineProject/Info.plist;
				INFOPLIST_KEY_UIApplicationSupportsIndirectInputEvents = YES;
				INFOPLIST_KEY_UILaunchStoryboardName = LaunchScreen;
				INFOPLIST_KEY_UIMainStoryboardFile = Main;
				INFOPLIST_KEY_UISupportedInterfaceOrientations = UIInterfaceOrientationPortrait;
				INFOPLIST_KEY_UISupportedInterfaceOrientations_iPad = "UIInterfaceOrientationLandscapeLeft UIInterfaceOrientationLandscapeRight UIInterfaceOrientationPortrait UIInterfaceOrientationPortraitUpsideDown";
				IPHONEOS_DEPLOYMENT_TARGET = 15.0;
				LD_RUNPATH_SEARCH_PATHS = (
					"$(inherited)",
					"@executable_path/Frameworks",
				);
				MARKETING_VERSION = 1.0;
				PRODUCT_BUNDLE_IDENTIFIER = joy.NewTravelMagazineProject;
				PRODUCT_NAME = "$(TARGET_NAME)";
				SUPPORTED_PLATFORMS = "iphoneos iphonesimulator";
				SUPPORTS_MACCATALYST = NO;
				SUPPORTS_MAC_DESIGNED_FOR_IPHONE_IPAD = NO;
				SUPPORTS_XR_DESIGNED_FOR_IPHONE_IPAD = NO;
				SWIFT_EMIT_LOC_STRINGS = YES;
				SWIFT_VERSION = 5.0;
				TARGETED_DEVICE_FAMILY = 1;
			};
			name = Release;
		};
/* End XCBuildConfiguration section */

/* Begin XCConfigurationList section */
		35C311D32C0486B300649CE8 /* Build configuration list for PBXProject "NewTravelMagazineProject" */ = {
			isa = XCConfigurationList;
			buildConfigurations = (
				35C311EA2C0486B400649CE8 /* Debug */,
				35C311EB2C0486B400649CE8 /* Release */,
			);
			defaultConfigurationIsVisible = 0;
			defaultConfigurationName = Release;
		};
		35C311EC2C0486B400649CE8 /* Build configuration list for PBXNativeTarget "NewTravelMagazineProject" */ = {
			isa = XCConfigurationList;
			buildConfigurations = (
				35C311ED2C0486B400649CE8 /* Debug */,
				35C311EE2C0486B400649CE8 /* Release */,
			);
			defaultConfigurationIsVisible = 0;
			defaultConfigurationName = Release;
		};
/* End XCConfigurationList section */

/* Begin XCRemoteSwiftPackageReference section */
		35D805DB2C04BED6000D5F39 /* XCRemoteSwiftPackageReference "Kingfisher" */ = {
			isa = XCRemoteSwiftPackageReference;
			repositoryURL = "https://github.com/onevcat/Kingfisher.git";
			requirement = {
				kind = upToNextMajorVersion;
				minimumVersion = 7.11.0;
			};
		};
/* End XCRemoteSwiftPackageReference section */

/* Begin XCSwiftPackageProductDependency section */
		35D805DC2C04BED6000D5F39 /* Kingfisher */ = {
			isa = XCSwiftPackageProductDependency;
			package = 35D805DB2C04BED6000D5F39 /* XCRemoteSwiftPackageReference "Kingfisher" */;
			productName = Kingfisher;
		};
/* End XCSwiftPackageProductDependency section */
	};
	rootObject = 35C311D02C0486B300649CE8 /* Project object */;
}
